
Microsoft Visual Studio Solution File, Format Version 12.00
# Visual Studio 2013
VisualStudioVersion = 12.0.30501.0
MinimumVisualStudioVersion = 10.0.40219.1
Project("{FAE04EC0-301F-11D3-BF4B-00C04F79EFBC}") = "Nutshell", "Nutshell\Nutshell.csproj", "{C394AAD7-06A2-429B-A3B8-AC531EF77DE1}"
EndProject
Project("{FAE04EC0-301F-11D3-BF4B-00C04F79EFBC}") = "Nutshell.Hardware", "Nutshell.Hardware\Nutshell.Hardware.csproj", "{FF4C3544-8428-4859-B754-C07442EF562D}"
EndProject
Project("{FAE04EC0-301F-11D3-BF4B-00C04F79EFBC}") = "Nutshell.Hardware.Vision", "Nutshell.Hardware.Vision\Nutshell.Hardware.Vision.csproj", "{6EA29297-E045-4E00-B6A4-0B2A139C450B}"
EndProject
Project("{FAE04EC0-301F-11D3-BF4B-00C04F79EFBC}") = "Nutshell.Speech", "Nutshell.Speech\Nutshell.Speech.csproj", "{C28892F0-D433-46F2-8FF8-A778876505B5}"
EndProject
Project("{FAE04EC0-301F-11D3-BF4B-00C04F79EFBC}") = "Nutshell.Drawing.Imaging", "Nutshell.Drawing.Imaging\Nutshell.Drawing.Imaging.csproj", "{5E9EC531-B6EA-4BA9-A3A5-DD40436860D7}"
EndProject
Project("{FAE04EC0-301F-11D3-BF4B-00C04F79EFBC}") = "Nutshell.Drawing.Imaging.Tests", "Nutshell.Drawing.Imaging.Tests\Nutshell.Drawing.Imaging.Tests.csproj", "{E3F5CF37-402D-4EFD-A62F-BD20C977AD51}"
EndProject
Project("{FAE04EC0-301F-11D3-BF4B-00C04F79EFBC}") = "Nutshell.Drawing.Shapes", "Nutshell.Drawing.Shapes\Nutshell.Drawing.Shapes.csproj", "{F86ED66F-E231-44D5-A33D-BD29663A7C57}"
EndProject
Project("{FAE04EC0-301F-11D3-BF4B-00C04F79EFBC}") = "Nutshell.Hardware.Vision.Hikvision.MachineVision", "Nutshell.Hardware.Vision.Hikvision.MachineVision\Nutshell.Hardware.Vision.Hikvision.MachineVision.csproj", "{E4E11986-B3E3-4855-ADEB-9950B96FAA2F}"
EndProject
Project("{FAE04EC0-301F-11D3-BF4B-00C04F79EFBC}") = "Nutshell.Presentation.Direct2D", "Nutshell.Presentation.Direct2D\Nutshell.Presentation.Direct2D.csproj", "{4DC483A5-1F7E-4401-99C4-E59A041A3603}"
EndProject
Project("{FAE04EC0-301F-11D3-BF4B-00C04F79EFBC}") = "Nutshell.Presentation.GDIPlus.Hardware.Vision", "Nutshell.Presentation.GDIPlus.Hardware.Vision\Nutshell.Presentation.GDIPlus.Hardware.Vision.csproj", "{80B76382-4A40-42E2-97B5-466AE5BEF644}"
EndProject
Project("{FAE04EC0-301F-11D3-BF4B-00C04F79EFBC}") = "Nutshell.Presentation.WinForm.Direct2D.Hardware", "Nutshell.Presentation.WinForm.Direct2D.Hardware\Nutshell.Presentation.WinForm.Direct2D.Hardware.csproj", "{CDF822AA-99F5-43BE-8572-E5D3C23F57B7}"
EndProject
Global
	GlobalSection(SolutionConfigurationPlatforms) = preSolution
		Debug|Any CPU = Debug|Any CPU
		Debug|Mixed Platforms = Debug|Mixed Platforms
		Debug|Win32 = Debug|Win32
		Debug|x86 = Debug|x86
		Release|Any CPU = Release|Any CPU
		Release|Mixed Platforms = Release|Mixed Platforms
		Release|Win32 = Release|Win32
		Release|x86 = Release|x86
	EndGlobalSection
	GlobalSection(ProjectConfigurationPlatforms) = postSolution
		{C394AAD7-06A2-429B-A3B8-AC531EF77DE1}.Debug|Any CPU.ActiveCfg = Debug|Any CPU
		{C394AAD7-06A2-429B-A3B8-AC531EF77DE1}.Debug|Any CPU.Build.0 = Debug|Any CPU
		{C394AAD7-06A2-429B-A3B8-AC531EF77DE1}.Debug|Mixed Platforms.ActiveCfg = Debug|Any CPU
		{C394AAD7-06A2-429B-A3B8-AC531EF77DE1}.Debug|Mixed Platforms.Build.0 = Debug|Any CPU
		{C394AAD7-06A2-429B-A3B8-AC531EF77DE1}.Debug|Win32.ActiveCfg = Debug|Any CPU
		{C394AAD7-06A2-429B-A3B8-AC531EF77DE1}.Debug|x86.ActiveCfg = Debug|x86
		{C394AAD7-06A2-429B-A3B8-AC531EF77DE1}.Release|Any CPU.ActiveCfg = Release|Any CPU
		{C394AAD7-06A2-429B-A3B8-AC531EF77DE1}.Release|Any CPU.Build.0 = Release|Any CPU
		{C394AAD7-06A2-429B-A3B8-AC531EF77DE1}.Release|Mixed Platforms.ActiveCfg = Release|Any CPU
		{C394AAD7-06A2-429B-A3B8-AC531EF77DE1}.Release|Mixed Platforms.Build.0 = Release|Any CPU
		{C394AAD7-06A2-429B-A3B8-AC531EF77DE1}.Release|Win32.ActiveCfg = Release|Any CPU
		{C394AAD7-06A2-429B-A3B8-AC531EF77DE1}.Release|x86.ActiveCfg = Release|x86
		{FF4C3544-8428-4859-B754-C07442EF562D}.Debug|Any CPU.ActiveCfg = Debug|Any CPU
		{FF4C3544-8428-4859-B754-C07442EF562D}.Debug|Any CPU.Build.0 = Debug|Any CPU
		{FF4C3544-8428-4859-B754-C07442EF562D}.Debug|Mixed Platforms.ActiveCfg = Debug|Any CPU
		{FF4C3544-8428-4859-B754-C07442EF562D}.Debug|Mixed Platforms.Build.0 = Debug|Any CPU
		{FF4C3544-8428-4859-B754-C07442EF562D}.Debug|Win32.ActiveCfg = Debug|Any CPU
		{FF4C3544-8428-4859-B754-C07442EF562D}.Debug|x86.ActiveCfg = Debug|x86
		{FF4C3544-8428-4859-B754-C07442EF562D}.Release|Any CPU.ActiveCfg = Release|Any CPU
		{FF4C3544-8428-4859-B754-C07442EF562D}.Release|Any CPU.Build.0 = Release|Any CPU
		{FF4C3544-8428-4859-B754-C07442EF562D}.Release|Mixed Platforms.ActiveCfg = Release|Any CPU
		{FF4C3544-8428-4859-B754-C07442EF562D}.Release|Mixed Platforms.Build.0 = Release|Any CPU
		{FF4C3544-8428-4859-B754-C07442EF562D}.Release|Win32.ActiveCfg = Release|Any CPU
		{FF4C3544-8428-4859-B754-C07442EF562D}.Release|x86.ActiveCfg = Release|x86
		{6EA29297-E045-4E00-B6A4-0B2A139C450B}.Debug|Any CPU.ActiveCfg = Debug|Any CPU
		{6EA29297-E045-4E00-B6A4-0B2A139C450B}.Debug|Any CPU.Build.0 = Debug|Any CPU
		{6EA29297-E045-4E00-B6A4-0B2A139C450B}.Debug|Mixed Platforms.ActiveCfg = Debug|Any CPU
		{6EA29297-E045-4E00-B6A4-0B2A139C450B}.Debug|Mixed Platforms.Build.0 = Debug|Any CPU
		{6EA29297-E045-4E00-B6A4-0B2A139C450B}.Debug|Win32.ActiveCfg = Debug|Any CPU
		{6EA29297-E045-4E00-B6A4-0B2A139C450B}.Debug|x86.ActiveCfg = Debug|x86
		{6EA29297-E045-4E00-B6A4-0B2A139C450B}.Release|Any CPU.ActiveCfg = Release|Any CPU
		{6EA29297-E045-4E00-B6A4-0B2A139C450B}.Release|Any CPU.Build.0 = Release|Any CPU
		{6EA29297-E045-4E00-B6A4-0B2A139C450B}.Release|Mixed Platforms.ActiveCfg = Release|Any CPU
		{6EA29297-E045-4E00-B6A4-0B2A139C450B}.Release|Mixed Platforms.Build.0 = Release|Any CPU
		{6EA29297-E045-4E00-B6A4-0B2A139C450B}.Release|Win32.ActiveCfg = Release|Any CPU
		{6EA29297-E045-4E00-B6A4-0B2A139C450B}.Release|x86.ActiveCfg = Release|x86
		{C28892F0-D433-46F2-8FF8-A778876505B5}.Debug|Any CPU.ActiveCfg = Debug|Any CPU
		{C28892F0-D433-46F2-8FF8-A778876505B5}.Debug|Any CPU.Build.0 = Debug|Any CPU
		{C28892F0-D433-46F2-8FF8-A778876505B5}.Debug|Mixed Platforms.ActiveCfg = Debug|Any CPU
		{C28892F0-D433-46F2-8FF8-A778876505B5}.Debug|Mixed Platforms.Build.0 = Debug|Any CPU
		{C28892F0-D433-46F2-8FF8-A778876505B5}.Debug|Win32.ActiveCfg = Debug|Any CPU
		{C28892F0-D433-46F2-8FF8-A778876505B5}.Debug|x86.ActiveCfg = Debug|x86
		{C28892F0-D433-46F2-8FF8-A778876505B5}.Release|Any CPU.ActiveCfg = Release|Any CPU
		{C28892F0-D433-46F2-8FF8-A778876505B5}.Release|Any CPU.Build.0 = Release|Any CPU
		{C28892F0-D433-46F2-8FF8-A778876505B5}.Release|Mixed Platforms.ActiveCfg = Release|Any CPU
		{C28892F0-D433-46F2-8FF8-A778876505B5}.Release|Mixed Platforms.Build.0 = Release|Any CPU
		{C28892F0-D433-46F2-8FF8-A778876505B5}.Release|Win32.ActiveCfg = Release|Any CPU
		{C28892F0-D433-46F2-8FF8-A778876505B5}.Release|x86.ActiveCfg = Release|x86
		{5E9EC531-B6EA-4BA9-A3A5-DD40436860D7}.Debug|Any CPU.ActiveCfg = Debug|Any CPU
		{5E9EC531-B6EA-4BA9-A3A5-DD40436860D7}.Debug|Any CPU.Build.0 = Debug|Any CPU
		{5E9EC531-B6EA-4BA9-A3A5-DD40436860D7}.Debug|Mixed Platforms.ActiveCfg = Debug|Any CPU
		{5E9EC531-B6EA-4BA9-A3A5-DD40436860D7}.Debug|Mixed Platforms.Build.0 = Debug|Any CPU
		{5E9EC531-B6EA-4BA9-A3A5-DD40436860D7}.Debug|Win32.ActiveCfg = Debug|Any CPU
		{5E9EC531-B6EA-4BA9-A3A5-DD40436860D7}.Debug|x86.ActiveCfg = Debug|Any CPU
		{5E9EC531-B6EA-4BA9-A3A5-DD40436860D7}.Release|Any CPU.ActiveCfg = Release|Any CPU
		{5E9EC531-B6EA-4BA9-A3A5-DD40436860D7}.Release|Any CPU.Build.0 = Release|Any CPU
		{5E9EC531-B6EA-4BA9-A3A5-DD40436860D7}.Release|Mixed Platforms.ActiveCfg = Release|Any CPU
		{5E9EC531-B6EA-4BA9-A3A5-DD40436860D7}.Release|Mixed Platforms.Build.0 = Release|Any CPU
		{5E9EC531-B6EA-4BA9-A3A5-DD40436860D7}.Release|Win32.ActiveCfg = Release|Any CPU
		{5E9EC531-B6EA-4BA9-A3A5-DD40436860D7}.Release|x86.ActiveCfg = Release|Any CPU
		{E3F5CF37-402D-4EFD-A62F-BD20C977AD51}.Debug|Any CPU.ActiveCfg = Debug|Any CPU
		{E3F5CF37-402D-4EFD-A62F-BD20C977AD51}.Debug|Any CPU.Build.0 = Debug|Any CPU
		{E3F5CF37-402D-4EFD-A62F-BD20C977AD51}.Debug|Mixed Platforms.ActiveCfg = Debug|Any CPU
		{E3F5CF37-402D-4EFD-A62F-BD20C977AD51}.Debug|Mixed Platforms.Build.0 = Debug|Any CPU
		{E3F5CF37-402D-4EFD-A62F-BD20C977AD51}.Debug|Win32.ActiveCfg = Debug|Any CPU
		{E3F5CF37-402D-4EFD-A62F-BD20C977AD51}.Debug|x86.ActiveCfg = Debug|Any CPU
		{E3F5CF37-402D-4EFD-A62F-BD20C977AD51}.Release|Any CPU.ActiveCfg = Release|Any CPU
		{E3F5CF37-402D-4EFD-A62F-BD20C977AD51}.Release|Any CPU.Build.0 = Release|Any CPU
		{E3F5CF37-402D-4EFD-A62F-BD20C977AD51}.Release|Mixed Platforms.ActiveCfg = Release|Any CPU
		{E3F5CF37-402D-4EFD-A62F-BD20C977AD51}.Release|Mixed Platforms.Build.0 = Release|Any CPU
		{E3F5CF37-402D-4EFD-A62F-BD20C977AD51}.Release|Win32.ActiveCfg = Release|Any CPU
		{E3F5CF37-402D-4EFD-A62F-BD20C977AD51}.Release|x86.ActiveCfg = Release|Any CPU
		{F86ED66F-E231-44D5-A33D-BD29663A7C57}.Debug|Any CPU.ActiveCfg = Debug|Any CPU
		{F86ED66F-E231-44D5-A33D-BD29663A7C57}.Debug|Any CPU.Build.0 = Debug|Any CPU
		{F86ED66F-E231-44D5-A33D-BD29663A7C57}.Debug|Mixed Platforms.ActiveCfg = Debug|Any CPU
		{F86ED66F-E231-44D5-A33D-BD29663A7C57}.Debug|Mixed Platforms.Build.0 = Debug|Any CPU
		{F86ED66F-E231-44D5-A33D-BD29663A7C57}.Debug|Win32.ActiveCfg = Debug|Any CPU
		{F86ED66F-E231-44D5-A33D-BD29663A7C57}.Debug|x86.ActiveCfg = Debug|Any CPU
		{F86ED66F-E231-44D5-A33D-BD29663A7C57}.Release|Any CPU.ActiveCfg = Release|Any CPU
		{F86ED66F-E231-44D5-A33D-BD29663A7C57}.Release|Any CPU.Build.0 = Release|Any CPU
		{F86ED66F-E231-44D5-A33D-BD29663A7C57}.Release|Mixed Platforms.ActiveCfg = Release|Any CPU
		{F86ED66F-E231-44D5-A33D-BD29663A7C57}.Release|Mixed Platforms.Build.0 = Release|Any CPU
		{F86ED66F-E231-44D5-A33D-BD29663A7C57}.Release|Win32.ActiveCfg = Release|Any CPU
		{F86ED66F-E231-44D5-A33D-BD29663A7C57}.Release|x86.ActiveCfg = Release|Any CPU
		{E4E11986-B3E3-4855-ADEB-9950B96FAA2F}.Debug|Any CPU.ActiveCfg = Debug|Any CPU
		{E4E11986-B3E3-4855-ADEB-9950B96FAA2F}.Debug|Any CPU.Build.0 = Debug|Any CPU
		{E4E11986-B3E3-4855-ADEB-9950B96FAA2F}.Debug|Mixed Platforms.ActiveCfg = Debug|Any CPU
		{E4E11986-B3E3-4855-ADEB-9950B96FAA2F}.Debug|Mixed Platforms.Build.0 = Debug|Any CPU
		{E4E11986-B3E3-4855-ADEB-9950B96FAA2F}.Debug|Win32.ActiveCfg = Debug|Any CPU
		{E4E11986-B3E3-4855-ADEB-9950B96FAA2F}.Debug|x86.ActiveCfg = Debug|Any CPU
		{E4E11986-B3E3-4855-ADEB-9950B96FAA2F}.Release|Any CPU.ActiveCfg = Release|Any CPU
		{E4E11986-B3E3-4855-ADEB-9950B96FAA2F}.Release|Any CPU.Build.0 = Release|Any CPU
		{E4E11986-B3E3-4855-ADEB-9950B96FAA2F}.Release|Mixed Platforms.ActiveCfg = Release|Any CPU
		{E4E11986-B3E3-4855-ADEB-9950B96FAA2F}.Release|Mixed Platforms.Build.0 = Release|Any CPU
		{E4E11986-B3E3-4855-ADEB-9950B96FAA2F}.Release|Win32.ActiveCfg = Release|Any CPU
		{E4E11986-B3E3-4855-ADEB-9950B96FAA2F}.Release|x86.ActiveCfg = Release|Any CPU
		{4DC483A5-1F7E-4401-99C4-E59A041A3603}.Debug|Any CPU.ActiveCfg = Debug|Any CPU
		{4DC483A5-1F7E-4401-99C4-E59A041A3603}.Debug|Any CPU.Build.0 = Debug|Any CPU
		{4DC483A5-1F7E-4401-99C4-E59A041A3603}.Debug|Mixed Platforms.ActiveCfg = Debug|Any CPU
		{4DC483A5-1F7E-4401-99C4-E59A041A3603}.Debug|Mixed Platforms.Build.0 = Debug|Any CPU
		{4DC483A5-1F7E-4401-99C4-E59A041A3603}.Debug|Win32.ActiveCfg = Debug|Any CPU
		{4DC483A5-1F7E-4401-99C4-E59A041A3603}.Debug|x86.ActiveCfg = Debug|Any CPU
		{4DC483A5-1F7E-4401-99C4-E59A041A3603}.Release|Any CPU.ActiveCfg = Release|Any CPU
		{4DC483A5-1F7E-4401-99C4-E59A041A3603}.Release|Any CPU.Build.0 = Release|Any CPU
		{4DC483A5-1F7E-4401-99C4-E59A041A3603}.Release|Mixed Platforms.ActiveCfg = Release|Any CPU
		{4DC483A5-1F7E-4401-99C4-E59A041A3603}.Release|Mixed Platforms.Build.0 = Release|Any CPU
		{4DC483A5-1F7E-4401-99C4-E59A041A3603}.Release|Win32.ActiveCfg = Release|Any CPU
		{4DC483A5-1F7E-4401-99C4-E59A041A3603}.Release|x86.ActiveCfg = Release|Any CPU
		{80B76382-4A40-42E2-97B5-466AE5BEF644}.Debug|Any CPU.ActiveCfg = Debug|Any CPU
		{80B76382-4A40-42E2-97B5-466AE5BEF644}.Debug|Any CPU.Build.0 = Debug|Any CPU
		{80B76382-4A40-42E2-97B5-466AE5BEF644}.Debug|Mixed Platforms.ActiveCfg = Debug|Any CPU
		{80B76382-4A40-42E2-97B5-466AE5BEF644}.Debug|Mixed Platforms.Build.0 = Debug|Any CPU
		{80B76382-4A40-42E2-97B5-466AE5BEF644}.Debug|Win32.ActiveCfg = Debug|Any CPU
		{80B76382-4A40-42E2-97B5-466AE5BEF644}.Debug|x86.ActiveCfg = Debug|Any CPU
		{80B76382-4A40-42E2-97B5-466AE5BEF644}.Release|Any CPU.ActiveCfg = Release|Any CPU
		{80B76382-4A40-42E2-97B5-466AE5BEF644}.Release|Any CPU.Build.0 = Release|Any CPU
		{80B76382-4A40-42E2-97B5-466AE5BEF644}.Release|Mixed Platforms.ActiveCfg = Release|Any CPU
		{80B76382-4A40-42E2-97B5-466AE5BEF644}.Release|Mixed Platforms.Build.0 = Release|Any CPU
		{80B76382-4A40-42E2-97B5-466AE5BEF644}.Release|Win32.ActiveCfg = Release|Any CPU
		{80B76382-4A40-42E2-97B5-466AE5BEF644}.Release|x86.ActiveCfg = Release|Any CPU
		{CDF822AA-99F5-43BE-8572-E5D3C23F57B7}.Debug|Any CPU.ActiveCfg = Debug|Any CPU
		{CDF822AA-99F5-43BE-8572-E5D3C23F57B7}.Debug|Any CPU.Build.0 = Debug|Any CPU
		{CDF822AA-99F5-43BE-8572-E5D3C23F57B7}.Debug|Mixed Platforms.ActiveCfg = Debug|Any CPU
		{CDF822AA-99F5-43BE-8572-E5D3C23F57B7}.Debug|Mixed Platforms.Build.0 = Debug|Any CPU
		{CDF822AA-99F5-43BE-8572-E5D3C23F57B7}.Debug|Win32.ActiveCfg = Debug|Any CPU
		{CDF822AA-99F5-43BE-8572-E5D3C23F57B7}.Debug|x86.ActiveCfg = Debug|Any CPU
		{CDF822AA-99F5-43BE-8572-E5D3C23F57B7}.Release|Any CPU.ActiveCfg = Release|Any CPU
		{CDF822AA-99F5-43BE-8572-E5D3C23F57B7}.Release|Any CPU.Build.0 = Release|Any CPU
		{CDF822AA-99F5-43BE-8572-E5D3C23F57B7}.Release|Mixed Platforms.ActiveCfg = Release|Any CPU
		{CDF822AA-99F5-43BE-8572-E5D3C23F57B7}.Release|Mixed Platforms.Build.0 = Release|Any CPU
		{CDF822AA-99F5-43BE-8572-E5D3C23F57B7}.Release|Win32.ActiveCfg = Release|Any CPU
		{CDF822AA-99F5-43BE-8572-E5D3C23F57B7}.Release|x86.ActiveCfg = Release|Any CPU
	EndGlobalSection
	GlobalSection(SolutionProperties) = preSolution
		HideSolutionNode = FALSE
	EndGlobalSection
EndGlobal
